
Microsoft Visual Studio Solution File, Format Version 11.00
# Visual C# Express 2010
Project("{FAE04EC0-301F-11D3-BF4B-00C04F79EFBC}") = "geneticAlgorithm", "geneticAlgorithm\geneticAlgorithm\geneticAlgorithm.csproj", "{860ABA75-5741-46D5-9AF7-1B898D601BA6}"
EndProject
Project("{96E2B04D-8817-42C6-938A-82C39BA4D311}") = "geneticAlgorithmContent", "geneticAlgorithm\geneticAlgorithmContent\geneticAlgorithmContent.contentproj", "{7024C8D1-C784-42C1-A3E4-FAFA84857ABC}"
EndProject
Global
	GlobalSection(SolutionConfigurationPlatforms) = preSolution
		Debug|x86 = Debug|x86
		Release|x86 = Release|x86
	EndGlobalSection
	GlobalSection(ProjectConfigurationPlatforms) = postSolution
		{860ABA75-5741-46D5-9AF7-1B898D601BA6}.Debug|x86.ActiveCfg = Debug|x86
		{860ABA75-5741-46D5-9AF7-1B898D601BA6}.Debug|x86.Build.0 = Debug|x86
		{860ABA75-5741-46D5-9AF7-1B898D601BA6}.Release|x86.ActiveCfg = Release|x86
		{860ABA75-5741-46D5-9AF7-1B898D601BA6}.Release|x86.Build.0 = Release|x86
		{7024C8D1-C784-42C1-A3E4-FAFA84857ABC}.Debug|x86.ActiveCfg = Debug|x86
		{7024C8D1-C784-42C1-A3E4-FAFA84857ABC}.Release|x86.ActiveCfg = Release|x86
	EndGlobalSection
	GlobalSection(SolutionProperties) = preSolution
		HideSolutionNode = FALSE
	EndGlobalSection
EndGlobal
